// !$*UTF8*$!
{
	archiveVersion = 1;
	classes = {
	};
	objectVersion = 56;
	objects = {

/* Begin PBXBuildFile section */
		2C23EBEA2A1CD1630026F9DE /* WidgetKit.framework in Frameworks */ = {isa = PBXBuildFile; fileRef = 2C23EBE92A1CD1630026F9DE /* WidgetKit.framework */; };
		2C23EBEC2A1CD1630026F9DE /* SwiftUI.framework in Frameworks */ = {isa = PBXBuildFile; fileRef = 2C23EBEB2A1CD1630026F9DE /* SwiftUI.framework */; };
		2C23EBEF2A1CD1630026F9DE /* VeryTestWidgetBundle.swift in Sources */ = {isa = PBXBuildFile; fileRef = 2C23EBEE2A1CD1630026F9DE /* VeryTestWidgetBundle.swift */; };
		2C23EBF12A1CD1630026F9DE /* VeryTestWidget.swift in Sources */ = {isa = PBXBuildFile; fileRef = 2C23EBF02A1CD1630026F9DE /* VeryTestWidget.swift */; };
		2C23EBF32A1CD1650026F9DE /* Assets.xcassets in Resources */ = {isa = PBXBuildFile; fileRef = 2C23EBF22A1CD1650026F9DE /* Assets.xcassets */; };
		2C23EBF72A1CD1650026F9DE /* VeryTestWidgetExtension.appex in Embed Foundation Extensions */ = {isa = PBXBuildFile; fileRef = 2C23EBE72A1CD1630026F9DE /* VeryTestWidgetExtension.appex */; settings = {ATTRIBUTES = (RemoveHeadersOnCopy, ); }; };
		2C23EC012A1F308A0026F9DE /* WidgetInteractionView.swift in Sources */ = {isa = PBXBuildFile; fileRef = 2C23EC002A1F308A0026F9DE /* WidgetInteractionView.swift */; };
		2C23EC032A1F30970026F9DE /* WidgetInteractionVM.swift in Sources */ = {isa = PBXBuildFile; fileRef = 2C23EC022A1F30970026F9DE /* WidgetInteractionVM.swift */; };
		2C2E78792A1F9F51001113C9 /* ServerVeryTestWidget.swift in Sources */ = {isa = PBXBuildFile; fileRef = 2C2E78772A1F9C42001113C9 /* ServerVeryTestWidget.swift */; };
		2C47C8FB2A26EB2E00788847 /* CameraVM.swift in Sources */ = {isa = PBXBuildFile; fileRef = 2C47C8FA2A26EB2E00788847 /* CameraVM.swift */; };
		2C47C8FD2A26EB4700788847 /* CameraFromUIKit.swift in Sources */ = {isa = PBXBuildFile; fileRef = 2C47C8FC2A26EB4700788847 /* CameraFromUIKit.swift */; };
		2C47C8FF2A26EB5300788847 /* CameraView.swift in Sources */ = {isa = PBXBuildFile; fileRef = 2C47C8FE2A26EB5300788847 /* CameraView.swift */; };
		2C47C9012A270F0C00788847 /* PhotoDelegate.swift in Sources */ = {isa = PBXBuildFile; fileRef = 2C47C9002A270F0C00788847 /* PhotoDelegate.swift */; };
		2C54FCC42A19043700468D02 /* VeryTestProgramApp.swift in Sources */ = {isa = PBXBuildFile; fileRef = 2C54FCC32A19043700468D02 /* VeryTestProgramApp.swift */; };
		2C54FCC62A19043700468D02 /* ParentView.swift in Sources */ = {isa = PBXBuildFile; fileRef = 2C54FCC52A19043700468D02 /* ParentView.swift */; };
		2C54FCC82A19043C00468D02 /* Assets.xcassets in Resources */ = {isa = PBXBuildFile; fileRef = 2C54FCC72A19043C00468D02 /* Assets.xcassets */; };
		2C54FCCB2A19043C00468D02 /* Preview Assets.xcassets in Resources */ = {isa = PBXBuildFile; fileRef = 2C54FCCA2A19043C00468D02 /* Preview Assets.xcassets */; };
		2C54FCD42A19093600468D02 /* NavVM.swift in Sources */ = {isa = PBXBuildFile; fileRef = 2C54FCD32A19093600468D02 /* NavVM.swift */; };
		2C54FCD62A19094B00468D02 /* TouchFaceIDVM.swift in Sources */ = {isa = PBXBuildFile; fileRef = 2C54FCD52A19094B00468D02 /* TouchFaceIDVM.swift */; };
		2C54FCD82A19095D00468D02 /* TouchFaceIDView.swift in Sources */ = {isa = PBXBuildFile; fileRef = 2C54FCD72A19095D00468D02 /* TouchFaceIDView.swift */; };
		2C54FCDB2A19FE4100468D02 /* TestCustomFontsView.swift in Sources */ = {isa = PBXBuildFile; fileRef = 2C54FCDA2A19FE4100468D02 /* TestCustomFontsView.swift */; };
		2C7254752A25B54300FC3DB3 /* VeryTestProgramTests.swift in Sources */ = {isa = PBXBuildFile; fileRef = 2C7254742A25B54300FC3DB3 /* VeryTestProgramTests.swift */; };
		2C72547D2A25CACE00FC3DB3 /* ChartsVM.swift in Sources */ = {isa = PBXBuildFile; fileRef = 2C72547C2A25CACE00FC3DB3 /* ChartsVM.swift */; };
		2C72547F2A25CADB00FC3DB3 /* ChartsView.swift in Sources */ = {isa = PBXBuildFile; fileRef = 2C72547E2A25CADB00FC3DB3 /* ChartsView.swift */; };
		2C9742532A1F9BAE00308101 /* Alamofire in Frameworks */ = {isa = PBXBuildFile; productRef = 2C9742522A1F9BAE00308101 /* Alamofire */; };
		2CBE62EF2A25D34900D82216 /* ChartFromUIKit.swift in Sources */ = {isa = PBXBuildFile; fileRef = 2CBE62EE2A25D34900D82216 /* ChartFromUIKit.swift */; };
		2CBE62F12A25D6EB00D82216 /* ChartsData.swift in Sources */ = {isa = PBXBuildFile; fileRef = 2CBE62F02A25D6EB00D82216 /* ChartsData.swift */; };
		2CBE62F72A25E1D900D82216 /* Charts in Frameworks */ = {isa = PBXBuildFile; productRef = 2CBE62F62A25E1D900D82216 /* Charts */; };
		2CBF68F12A1F719E00BFC82D /* MostVeryTestWidget.swift in Sources */ = {isa = PBXBuildFile; fileRef = 2CBF68F02A1F719E00BFC82D /* MostVeryTestWidget.swift */; };
		2CBF68F32A1F7E5A00BFC82D /* MostIntents.intentdefinition in Sources */ = {isa = PBXBuildFile; fileRef = 2CBF68F22A1F7E5A00BFC82D /* MostIntents.intentdefinition */; };
		2CC88B782A1F8DA2006AF585 /* MostIntents.intentdefinition in Sources */ = {isa = PBXBuildFile; fileRef = 2CBF68F22A1F7E5A00BFC82D /* MostIntents.intentdefinition */; };
		2CC88B7B2A1F9AC4006AF585 /* Alamofire in Frameworks */ = {isa = PBXBuildFile; productRef = 2CC88B7A2A1F9AC4006AF585 /* Alamofire */; };
		2CD90C332A2716D100907588 /* PhotoInteraction.swift in Sources */ = {isa = PBXBuildFile; fileRef = 2CD90C322A2716D100907588 /* PhotoInteraction.swift */; };
		2CFD74962A1A0F2300325C9B /* Pangolin-Regular.ttf in Resources */ = {isa = PBXBuildFile; fileRef = 2CFD74952A1A0F2300325C9B /* Pangolin-Regular.ttf */; };
/* End PBXBuildFile section */

/* Begin PBXContainerItemProxy section */
		2C23EBF52A1CD1650026F9DE /* PBXContainerItemProxy */ = {
			isa = PBXContainerItemProxy;
			containerPortal = 2C54FCB82A19043700468D02 /* Project object */;
			proxyType = 1;
			remoteGlobalIDString = 2C23EBE62A1CD1630026F9DE;
			remoteInfo = VeryTestWidgetExtension;
		};
		2C7254762A25B54300FC3DB3 /* PBXContainerItemProxy */ = {
			isa = PBXContainerItemProxy;
			containerPortal = 2C54FCB82A19043700468D02 /* Project object */;
			proxyType = 1;
			remoteGlobalIDString = 2C54FCBF2A19043700468D02;
			remoteInfo = VeryTestProgram;
		};
/* End PBXContainerItemProxy section */

/* Begin PBXCopyFilesBuildPhase section */
		2C23EBF82A1CD1650026F9DE /* Embed Foundation Extensions */ = {
			isa = PBXCopyFilesBuildPhase;
			buildActionMask = 2147483647;
			dstPath = "";
			dstSubfolderSpec = 13;
			files = (
				2C23EBF72A1CD1650026F9DE /* VeryTestWidgetExtension.appex in Embed Foundation Extensions */,
			);
			name = "Embed Foundation Extensions";
			runOnlyForDeploymentPostprocessing = 0;
		};
/* End PBXCopyFilesBuildPhase section */

/* Begin PBXFileReference section */
		2C23EBE72A1CD1630026F9DE /* VeryTestWidgetExtension.appex */ = {isa = PBXFileReference; explicitFileType = "wrapper.app-extension"; includeInIndex = 0; path = VeryTestWidgetExtension.appex; sourceTree = BUILT_PRODUCTS_DIR; };
		2C23EBE92A1CD1630026F9DE /* WidgetKit.framework */ = {isa = PBXFileReference; lastKnownFileType = wrapper.framework; name = WidgetKit.framework; path = System/Library/Frameworks/WidgetKit.framework; sourceTree = SDKROOT; };
		2C23EBEB2A1CD1630026F9DE /* SwiftUI.framework */ = {isa = PBXFileReference; lastKnownFileType = wrapper.framework; name = SwiftUI.framework; path = System/Library/Frameworks/SwiftUI.framework; sourceTree = SDKROOT; };
		2C23EBEE2A1CD1630026F9DE /* VeryTestWidgetBundle.swift */ = {isa = PBXFileReference; lastKnownFileType = sourcecode.swift; path = VeryTestWidgetBundle.swift; sourceTree = "<group>"; };
		2C23EBF02A1CD1630026F9DE /* VeryTestWidget.swift */ = {isa = PBXFileReference; lastKnownFileType = sourcecode.swift; path = VeryTestWidget.swift; sourceTree = "<group>"; };
		2C23EBF22A1CD1650026F9DE /* Assets.xcassets */ = {isa = PBXFileReference; lastKnownFileType = folder.assetcatalog; path = Assets.xcassets; sourceTree = "<group>"; };
		2C23EBF42A1CD1650026F9DE /* Info.plist */ = {isa = PBXFileReference; lastKnownFileType = text.plist.xml; path = Info.plist; sourceTree = "<group>"; };
		2C23EBFD2A1E45C70026F9DE /* VeryTestProgram.entitlements */ = {isa = PBXFileReference; lastKnownFileType = text.plist.entitlements; path = VeryTestProgram.entitlements; sourceTree = "<group>"; };
		2C23EBFE2A1F1C220026F9DE /* VeryTestWidgetExtension.entitlements */ = {isa = PBXFileReference; lastKnownFileType = text.plist.entitlements; path = VeryTestWidgetExtension.entitlements; sourceTree = "<group>"; };
		2C23EC002A1F308A0026F9DE /* WidgetInteractionView.swift */ = {isa = PBXFileReference; lastKnownFileType = sourcecode.swift; path = WidgetInteractionView.swift; sourceTree = "<group>"; };
		2C23EC022A1F30970026F9DE /* WidgetInteractionVM.swift */ = {isa = PBXFileReference; lastKnownFileType = sourcecode.swift; path = WidgetInteractionVM.swift; sourceTree = "<group>"; };
		2C2E78772A1F9C42001113C9 /* ServerVeryTestWidget.swift */ = {isa = PBXFileReference; lastKnownFileType = sourcecode.swift; path = ServerVeryTestWidget.swift; sourceTree = "<group>"; };
		2C47C8FA2A26EB2E00788847 /* CameraVM.swift */ = {isa = PBXFileReference; lastKnownFileType = sourcecode.swift; path = CameraVM.swift; sourceTree = "<group>"; };
		2C47C8FC2A26EB4700788847 /* CameraFromUIKit.swift */ = {isa = PBXFileReference; lastKnownFileType = sourcecode.swift; path = CameraFromUIKit.swift; sourceTree = "<group>"; };
		2C47C8FE2A26EB5300788847 /* CameraView.swift */ = {isa = PBXFileReference; lastKnownFileType = sourcecode.swift; path = CameraView.swift; sourceTree = "<group>"; };
		2C47C9002A270F0C00788847 /* PhotoDelegate.swift */ = {isa = PBXFileReference; lastKnownFileType = sourcecode.swift; path = PhotoDelegate.swift; sourceTree = "<group>"; };
		2C54FCC02A19043700468D02 /* VeryTestProgram.app */ = {isa = PBXFileReference; explicitFileType = wrapper.application; includeInIndex = 0; path = VeryTestProgram.app; sourceTree = BUILT_PRODUCTS_DIR; };
		2C54FCC32A19043700468D02 /* VeryTestProgramApp.swift */ = {isa = PBXFileReference; lastKnownFileType = sourcecode.swift; path = VeryTestProgramApp.swift; sourceTree = "<group>"; };
		2C54FCC52A19043700468D02 /* ParentView.swift */ = {isa = PBXFileReference; lastKnownFileType = sourcecode.swift; path = ParentView.swift; sourceTree = "<group>"; };
		2C54FCC72A19043C00468D02 /* Assets.xcassets */ = {isa = PBXFileReference; lastKnownFileType = folder.assetcatalog; path = Assets.xcassets; sourceTree = "<group>"; };
		2C54FCCA2A19043C00468D02 /* Preview Assets.xcassets */ = {isa = PBXFileReference; lastKnownFileType = folder.assetcatalog; path = "Preview Assets.xcassets"; sourceTree = "<group>"; };
		2C54FCD32A19093600468D02 /* NavVM.swift */ = {isa = PBXFileReference; lastKnownFileType = sourcecode.swift; path = NavVM.swift; sourceTree = "<group>"; };
		2C54FCD52A19094B00468D02 /* TouchFaceIDVM.swift */ = {isa = PBXFileReference; lastKnownFileType = sourcecode.swift; path = TouchFaceIDVM.swift; sourceTree = "<group>"; };
		2C54FCD72A19095D00468D02 /* TouchFaceIDView.swift */ = {isa = PBXFileReference; lastKnownFileType = sourcecode.swift; path = TouchFaceIDView.swift; sourceTree = "<group>"; };
		2C54FCDA2A19FE4100468D02 /* TestCustomFontsView.swift */ = {isa = PBXFileReference; lastKnownFileType = sourcecode.swift; path = TestCustomFontsView.swift; sourceTree = "<group>"; };
		2C7254722A25B54300FC3DB3 /* VeryTestProgramTests.xctest */ = {isa = PBXFileReference; explicitFileType = wrapper.cfbundle; includeInIndex = 0; path = VeryTestProgramTests.xctest; sourceTree = BUILT_PRODUCTS_DIR; };
		2C7254742A25B54300FC3DB3 /* VeryTestProgramTests.swift */ = {isa = PBXFileReference; lastKnownFileType = sourcecode.swift; path = VeryTestProgramTests.swift; sourceTree = "<group>"; };
		2C72547C2A25CACE00FC3DB3 /* ChartsVM.swift */ = {isa = PBXFileReference; lastKnownFileType = sourcecode.swift; path = ChartsVM.swift; sourceTree = "<group>"; };
		2C72547E2A25CADB00FC3DB3 /* ChartsView.swift */ = {isa = PBXFileReference; lastKnownFileType = sourcecode.swift; path = ChartsView.swift; sourceTree = "<group>"; };
		2CBE62EE2A25D34900D82216 /* ChartFromUIKit.swift */ = {isa = PBXFileReference; lastKnownFileType = sourcecode.swift; path = ChartFromUIKit.swift; sourceTree = "<group>"; };
		2CBE62F02A25D6EB00D82216 /* ChartsData.swift */ = {isa = PBXFileReference; lastKnownFileType = sourcecode.swift; path = ChartsData.swift; sourceTree = "<group>"; };
		2CBE62F52A25E19100D82216 /* Charts-master */ = {isa = PBXFileReference; lastKnownFileType = wrapper; name = "Charts-master"; path = "../../../../Downloads/Charts-master"; sourceTree = "<group>"; };
		2CBF68F02A1F719E00BFC82D /* MostVeryTestWidget.swift */ = {isa = PBXFileReference; lastKnownFileType = sourcecode.swift; path = MostVeryTestWidget.swift; sourceTree = "<group>"; };
		2CBF68F22A1F7E5A00BFC82D /* MostIntents.intentdefinition */ = {isa = PBXFileReference; lastKnownFileType = file.intentdefinition; path = MostIntents.intentdefinition; sourceTree = "<group>"; };
		2CD90C322A2716D100907588 /* PhotoInteraction.swift */ = {isa = PBXFileReference; lastKnownFileType = sourcecode.swift; path = PhotoInteraction.swift; sourceTree = "<group>"; };
		2CFD74952A1A0F2300325C9B /* Pangolin-Regular.ttf */ = {isa = PBXFileReference; lastKnownFileType = file; path = "Pangolin-Regular.ttf"; sourceTree = "<group>"; };
		2CFD74982A1A160F00325C9B /* Info.plist */ = {isa = PBXFileReference; lastKnownFileType = text.plist.xml; path = Info.plist; sourceTree = "<group>"; };
/* End PBXFileReference section */

/* Begin PBXFrameworksBuildPhase section */
		2C23EBE42A1CD1630026F9DE /* Frameworks */ = {
			isa = PBXFrameworksBuildPhase;
			buildActionMask = 2147483647;
			files = (
				2C9742532A1F9BAE00308101 /* Alamofire in Frameworks */,
				2C23EBEC2A1CD1630026F9DE /* SwiftUI.framework in Frameworks */,
				2C23EBEA2A1CD1630026F9DE /* WidgetKit.framework in Frameworks */,
			);
			runOnlyForDeploymentPostprocessing = 0;
		};
		2C54FCBD2A19043700468D02 /* Frameworks */ = {
			isa = PBXFrameworksBuildPhase;
			buildActionMask = 2147483647;
			files = (
				2CC88B7B2A1F9AC4006AF585 /* Alamofire in Frameworks */,
				2CBE62F72A25E1D900D82216 /* Charts in Frameworks */,
			);
			runOnlyForDeploymentPostprocessing = 0;
		};
		2C72546F2A25B54300FC3DB3 /* Frameworks */ = {
			isa = PBXFrameworksBuildPhase;
			buildActionMask = 2147483647;
			files = (
			);
			runOnlyForDeploymentPostprocessing = 0;
		};
/* End PBXFrameworksBuildPhase section */

/* Begin PBXGroup section */
		2C23EBE82A1CD1630026F9DE /* Frameworks */ = {
			isa = PBXGroup;
			children = (
				2C23EBE92A1CD1630026F9DE /* WidgetKit.framework */,
				2C23EBEB2A1CD1630026F9DE /* SwiftUI.framework */,
			);
			name = Frameworks;
			sourceTree = "<group>";
		};
		2C23EBED2A1CD1630026F9DE /* VeryTestWidget */ = {
			isa = PBXGroup;
			children = (
				2C2E78762A1F9C1E001113C9 /* ThirdWidget */,
				2CBF68EF2A1F6F9800BFC82D /* SecondWidget */,
				2CBF68EE2A1F6F8700BFC82D /* FirstWidget */,
				2C23EBFE2A1F1C220026F9DE /* VeryTestWidgetExtension.entitlements */,
				2C23EBEE2A1CD1630026F9DE /* VeryTestWidgetBundle.swift */,
				2C23EBF22A1CD1650026F9DE /* Assets.xcassets */,
				2C23EBF42A1CD1650026F9DE /* Info.plist */,
			);
			path = VeryTestWidget;
			sourceTree = "<group>";
		};
		2C23EBFF2A1F30120026F9DE /* WidgetInteraction */ = {
			isa = PBXGroup;
			children = (
				2C23EC002A1F308A0026F9DE /* WidgetInteractionView.swift */,
				2C23EC022A1F30970026F9DE /* WidgetInteractionVM.swift */,
			);
			path = WidgetInteraction;
			sourceTree = "<group>";
		};
		2C2E78762A1F9C1E001113C9 /* ThirdWidget */ = {
			isa = PBXGroup;
			children = (
				2C2E78772A1F9C42001113C9 /* ServerVeryTestWidget.swift */,
			);
			path = ThirdWidget;
			sourceTree = "<group>";
		};
		2C47C8F92A26EB1C00788847 /* Camera */ = {
			isa = PBXGroup;
			children = (
				2C47C8FA2A26EB2E00788847 /* CameraVM.swift */,
				2C47C8FC2A26EB4700788847 /* CameraFromUIKit.swift */,
				2C47C8FE2A26EB5300788847 /* CameraView.swift */,
				2C47C9002A270F0C00788847 /* PhotoDelegate.swift */,
				2CD90C322A2716D100907588 /* PhotoInteraction.swift */,
			);
			path = Camera;
			sourceTree = "<group>";
		};
		2C54FCB72A19043700468D02 = {
			isa = PBXGroup;
			children = (
				2C54FCC22A19043700468D02 /* VeryTestProgram */,
				2C23EBED2A1CD1630026F9DE /* VeryTestWidget */,
				2C7254732A25B54300FC3DB3 /* VeryTestProgramTests */,
				2C23EBE82A1CD1630026F9DE /* Frameworks */,
				2C54FCC12A19043700468D02 /* Products */,
			);
			sourceTree = "<group>";
		};
		2C54FCC12A19043700468D02 /* Products */ = {
			isa = PBXGroup;
			children = (
				2C54FCC02A19043700468D02 /* VeryTestProgram.app */,
				2C23EBE72A1CD1630026F9DE /* VeryTestWidgetExtension.appex */,
				2C7254722A25B54300FC3DB3 /* VeryTestProgramTests.xctest */,
			);
			name = Products;
			sourceTree = "<group>";
		};
		2C54FCC22A19043700468D02 /* VeryTestProgram */ = {
			isa = PBXGroup;
			children = (
				2C47C8F92A26EB1C00788847 /* Camera */,
				2CBE62F52A25E19100D82216 /* Charts-master */,
				2C72547B2A25CAB500FC3DB3 /*  Charts */,
				2C23EBFF2A1F30120026F9DE /* WidgetInteraction */,
				2C54FCD92A19FDA500468D02 /* TestCustomFonts */,
				2C54FCD22A1908ED00468D02 /* TouchFaceID */,
				2C54FCD12A19044D00468D02 /* Common */,
				2C54FCC72A19043C00468D02 /* Assets.xcassets */,
				2C54FCC92A19043C00468D02 /* Preview Content */,
			);
			path = VeryTestProgram;
			sourceTree = "<group>";
		};
		2C54FCC92A19043C00468D02 /* Preview Content */ = {
			isa = PBXGroup;
			children = (
				2C54FCCA2A19043C00468D02 /* Preview Assets.xcassets */,
			);
			path = "Preview Content";
			sourceTree = "<group>";
		};
		2C54FCD12A19044D00468D02 /* Common */ = {
			isa = PBXGroup;
			children = (
				2C54FCDC2A19FE5400468D02 /* Fonts */,
				2C54FCC32A19043700468D02 /* VeryTestProgramApp.swift */,
				2C54FCC52A19043700468D02 /* ParentView.swift */,
				2C54FCD32A19093600468D02 /* NavVM.swift */,
				2CFD74982A1A160F00325C9B /* Info.plist */,
				2C23EBFD2A1E45C70026F9DE /* VeryTestProgram.entitlements */,
			);
			path = Common;
			sourceTree = "<group>";
		};
		2C54FCD22A1908ED00468D02 /* TouchFaceID */ = {
			isa = PBXGroup;
			children = (
				2C54FCD52A19094B00468D02 /* TouchFaceIDVM.swift */,
				2C54FCD72A19095D00468D02 /* TouchFaceIDView.swift */,
			);
			path = TouchFaceID;
			sourceTree = "<group>";
		};
		2C54FCD92A19FDA500468D02 /* TestCustomFonts */ = {
			isa = PBXGroup;
			children = (
				2C54FCDA2A19FE4100468D02 /* TestCustomFontsView.swift */,
			);
			path = TestCustomFonts;
			sourceTree = "<group>";
		};
		2C54FCDC2A19FE5400468D02 /* Fonts */ = {
			isa = PBXGroup;
			children = (
				2CFD74952A1A0F2300325C9B /* Pangolin-Regular.ttf */,
			);
			path = Fonts;
			sourceTree = "<group>";
		};
		2C7254732A25B54300FC3DB3 /* VeryTestProgramTests */ = {
			isa = PBXGroup;
			children = (
				2C7254742A25B54300FC3DB3 /* VeryTestProgramTests.swift */,
			);
			path = VeryTestProgramTests;
			sourceTree = "<group>";
		};
		2C72547B2A25CAB500FC3DB3 /*  Charts */ = {
			isa = PBXGroup;
			children = (
				2C72547C2A25CACE00FC3DB3 /* ChartsVM.swift */,
				2C72547E2A25CADB00FC3DB3 /* ChartsView.swift */,
				2CBE62EE2A25D34900D82216 /* ChartFromUIKit.swift */,
				2CBE62F02A25D6EB00D82216 /* ChartsData.swift */,
			);
			path = " Charts";
			sourceTree = "<group>";
		};
		2CBF68EE2A1F6F8700BFC82D /* FirstWidget */ = {
			isa = PBXGroup;
			children = (
				2C23EBF02A1CD1630026F9DE /* VeryTestWidget.swift */,
			);
			path = FirstWidget;
			sourceTree = "<group>";
		};
		2CBF68EF2A1F6F9800BFC82D /* SecondWidget */ = {
			isa = PBXGroup;
			children = (
				2CBF68F02A1F719E00BFC82D /* MostVeryTestWidget.swift */,
				2CBF68F22A1F7E5A00BFC82D /* MostIntents.intentdefinition */,
			);
			path = SecondWidget;
			sourceTree = "<group>";
		};
/* End PBXGroup section */

/* Begin PBXNativeTarget section */
		2C23EBE62A1CD1630026F9DE /* VeryTestWidgetExtension */ = {
			isa = PBXNativeTarget;
			buildConfigurationList = 2C23EBFB2A1CD1650026F9DE /* Build configuration list for PBXNativeTarget "VeryTestWidgetExtension" */;
			buildPhases = (
				2C23EBE32A1CD1630026F9DE /* Sources */,
				2C23EBE42A1CD1630026F9DE /* Frameworks */,
				2C23EBE52A1CD1630026F9DE /* Resources */,
			);
			buildRules = (
			);
			dependencies = (
			);
			name = VeryTestWidgetExtension;
			packageProductDependencies = (
				2C9742522A1F9BAE00308101 /* Alamofire */,
			);
			productName = VeryTestWidgetExtension;
			productReference = 2C23EBE72A1CD1630026F9DE /* VeryTestWidgetExtension.appex */;
			productType = "com.apple.product-type.app-extension";
		};
		2C54FCBF2A19043700468D02 /* VeryTestProgram */ = {
			isa = PBXNativeTarget;
			buildConfigurationList = 2C54FCCE2A19043C00468D02 /* Build configuration list for PBXNativeTarget "VeryTestProgram" */;
			buildPhases = (
				2C54FCBC2A19043700468D02 /* Sources */,
				2C54FCBD2A19043700468D02 /* Frameworks */,
				2C54FCBE2A19043700468D02 /* Resources */,
				2C23EBF82A1CD1650026F9DE /* Embed Foundation Extensions */,
			);
			buildRules = (
			);
			dependencies = (
				2C23EBF62A1CD1650026F9DE /* PBXTargetDependency */,
			);
			name = VeryTestProgram;
			packageProductDependencies = (
				2CC88B7A2A1F9AC4006AF585 /* Alamofire */,
				2CBE62F62A25E1D900D82216 /* Charts */,
			);
			productName = VeryTestProgram;
			productReference = 2C54FCC02A19043700468D02 /* VeryTestProgram.app */;
			productType = "com.apple.product-type.application";
		};
		2C7254712A25B54300FC3DB3 /* VeryTestProgramTests */ = {
			isa = PBXNativeTarget;
			buildConfigurationList = 2C72547A2A25B54300FC3DB3 /* Build configuration list for PBXNativeTarget "VeryTestProgramTests" */;
			buildPhases = (
				2C72546E2A25B54300FC3DB3 /* Sources */,
				2C72546F2A25B54300FC3DB3 /* Frameworks */,
				2C7254702A25B54300FC3DB3 /* Resources */,
			);
			buildRules = (
			);
			dependencies = (
				2C7254772A25B54300FC3DB3 /* PBXTargetDependency */,
			);
			name = VeryTestProgramTests;
			productName = VeryTestProgramTests;
			productReference = 2C7254722A25B54300FC3DB3 /* VeryTestProgramTests.xctest */;
			productType = "com.apple.product-type.bundle.unit-test";
		};
/* End PBXNativeTarget section */

/* Begin PBXProject section */
		2C54FCB82A19043700468D02 /* Project object */ = {
			isa = PBXProject;
			attributes = {
				BuildIndependentTargetsInParallel = 1;
				LastSwiftUpdateCheck = 1430;
				LastUpgradeCheck = 1430;
				TargetAttributes = {
					2C23EBE62A1CD1630026F9DE = {
						CreatedOnToolsVersion = 14.3;
					};
					2C54FCBF2A19043700468D02 = {
						CreatedOnToolsVersion = 14.3;
					};
					2C7254712A25B54300FC3DB3 = {
						CreatedOnToolsVersion = 14.3;
						TestTargetID = 2C54FCBF2A19043700468D02;
					};
				};
			};
			buildConfigurationList = 2C54FCBB2A19043700468D02 /* Build configuration list for PBXProject "VeryTestProgram" */;
			compatibilityVersion = "Xcode 14.0";
			developmentRegion = en;
			hasScannedForEncodings = 0;
			knownRegions = (
				en,
				Base,
			);
			mainGroup = 2C54FCB72A19043700468D02;
			packageReferences = (
				2CC88B792A1F9AC4006AF585 /* XCRemoteSwiftPackageReference "Alamofire" */,
			);
			productRefGroup = 2C54FCC12A19043700468D02 /* Products */;
			projectDirPath = "";
			projectRoot = "";
			targets = (
				2C54FCBF2A19043700468D02 /* VeryTestProgram */,
				2C23EBE62A1CD1630026F9DE /* VeryTestWidgetExtension */,
				2C7254712A25B54300FC3DB3 /* VeryTestProgramTests */,
			);
		};
/* End PBXProject section */

/* Begin PBXResourcesBuildPhase section */
		2C23EBE52A1CD1630026F9DE /* Resources */ = {
			isa = PBXResourcesBuildPhase;
			buildActionMask = 2147483647;
			files = (
				2C23EBF32A1CD1650026F9DE /* Assets.xcassets in Resources */,
			);
			runOnlyForDeploymentPostprocessing = 0;
		};
		2C54FCBE2A19043700468D02 /* Resources */ = {
			isa = PBXResourcesBuildPhase;
			buildActionMask = 2147483647;
			files = (
				2CFD74962A1A0F2300325C9B /* Pangolin-Regular.ttf in Resources */,
				2C54FCCB2A19043C00468D02 /* Preview Assets.xcassets in Resources */,
				2C54FCC82A19043C00468D02 /* Assets.xcassets in Resources */,
			);
			runOnlyForDeploymentPostprocessing = 0;
		};
		2C7254702A25B54300FC3DB3 /* Resources */ = {
			isa = PBXResourcesBuildPhase;
			buildActionMask = 2147483647;
			files = (
			);
			runOnlyForDeploymentPostprocessing = 0;
		};
/* End PBXResourcesBuildPhase section */

/* Begin PBXSourcesBuildPhase section */
		2C23EBE32A1CD1630026F9DE /* Sources */ = {
			isa = PBXSourcesBuildPhase;
			buildActionMask = 2147483647;
			files = (
				2C23EBEF2A1CD1630026F9DE /* VeryTestWidgetBundle.swift in Sources */,
				2C2E78792A1F9F51001113C9 /* ServerVeryTestWidget.swift in Sources */,
				2CBF68F32A1F7E5A00BFC82D /* MostIntents.intentdefinition in Sources */,
				2CBF68F12A1F719E00BFC82D /* MostVeryTestWidget.swift in Sources */,
				2C23EBF12A1CD1630026F9DE /* VeryTestWidget.swift in Sources */,
			);
			runOnlyForDeploymentPostprocessing = 0;
		};
		2C54FCBC2A19043700468D02 /* Sources */ = {
			isa = PBXSourcesBuildPhase;
			buildActionMask = 2147483647;
			files = (
				2C54FCD62A19094B00468D02 /* TouchFaceIDVM.swift in Sources */,
				2C47C8FB2A26EB2E00788847 /* CameraVM.swift in Sources */,
				2C72547D2A25CACE00FC3DB3 /* ChartsVM.swift in Sources */,
				2CD90C332A2716D100907588 /* PhotoInteraction.swift in Sources */,
				2C54FCD42A19093600468D02 /* NavVM.swift in Sources */,
				2C54FCD82A19095D00468D02 /* TouchFaceIDView.swift in Sources */,
				2C23EC032A1F30970026F9DE /* WidgetInteractionVM.swift in Sources */,
				2CBE62F12A25D6EB00D82216 /* ChartsData.swift in Sources */,
				2C23EC012A1F308A0026F9DE /* WidgetInteractionView.swift in Sources */,
				2C54FCC62A19043700468D02 /* ParentView.swift in Sources */,
				2C47C9012A270F0C00788847 /* PhotoDelegate.swift in Sources */,
				2CBE62EF2A25D34900D82216 /* ChartFromUIKit.swift in Sources */,
				2C54FCDB2A19FE4100468D02 /* TestCustomFontsView.swift in Sources */,
				2CC88B782A1F8DA2006AF585 /* MostIntents.intentdefinition in Sources */,
				2C54FCC42A19043700468D02 /* VeryTestProgramApp.swift in Sources */,
				2C47C8FD2A26EB4700788847 /* CameraFromUIKit.swift in Sources */,
				2C72547F2A25CADB00FC3DB3 /* ChartsView.swift in Sources */,
				2C47C8FF2A26EB5300788847 /* CameraView.swift in Sources */,
			);
			runOnlyForDeploymentPostprocessing = 0;
		};
		2C72546E2A25B54300FC3DB3 /* Sources */ = {
			isa = PBXSourcesBuildPhase;
			buildActionMask = 2147483647;
			files = (
				2C7254752A25B54300FC3DB3 /* VeryTestProgramTests.swift in Sources */,
			);
			runOnlyForDeploymentPostprocessing = 0;
		};
/* End PBXSourcesBuildPhase section */

/* Begin PBXTargetDependency section */
		2C23EBF62A1CD1650026F9DE /* PBXTargetDependency */ = {
			isa = PBXTargetDependency;
			target = 2C23EBE62A1CD1630026F9DE /* VeryTestWidgetExtension */;
			targetProxy = 2C23EBF52A1CD1650026F9DE /* PBXContainerItemProxy */;
		};
		2C7254772A25B54300FC3DB3 /* PBXTargetDependency */ = {
			isa = PBXTargetDependency;
			target = 2C54FCBF2A19043700468D02 /* VeryTestProgram */;
			targetProxy = 2C7254762A25B54300FC3DB3 /* PBXContainerItemProxy */;
		};
/* End PBXTargetDependency section */

/* Begin XCBuildConfiguration section */
		2C23EBF92A1CD1650026F9DE /* Debug */ = {
			isa = XCBuildConfiguration;
			buildSettings = {
				ASSETCATALOG_COMPILER_GLOBAL_ACCENT_COLOR_NAME = AccentColor;
				ASSETCATALOG_COMPILER_WIDGET_BACKGROUND_COLOR_NAME = WidgetBackground;
				CODE_SIGN_ENTITLEMENTS = VeryTestWidget/VeryTestWidgetExtension.entitlements;
				CODE_SIGN_STYLE = Automatic;
				CURRENT_PROJECT_VERSION = 1;
				DEVELOPMENT_TEAM = N5Q5NU635P;
				GENERATE_INFOPLIST_FILE = YES;
				INFOPLIST_FILE = VeryTestWidget/Info.plist;
				INFOPLIST_KEY_CFBundleDisplayName = VeryTestWidget;
				INFOPLIST_KEY_NSHumanReadableCopyright = "";
				IPHONEOS_DEPLOYMENT_TARGET = 14.0;
				LD_RUNPATH_SEARCH_PATHS = (
					"$(inherited)",
					"@executable_path/Frameworks",
					"@executable_path/../../Frameworks",
				);
				MARKETING_VERSION = 1.0;
				PRODUCT_BUNDLE_IDENTIFIER = a.VeryTestProgram.VeryTestWidget;
				PRODUCT_NAME = "$(TARGET_NAME)";
				SKIP_INSTALL = YES;
				SWIFT_EMIT_LOC_STRINGS = YES;
				SWIFT_VERSION = 5.0;
				TARGETED_DEVICE_FAMILY = "1,2";
			};
			name = Debug;
		};
		2C23EBFA2A1CD1650026F9DE /* Release */ = {
			isa = XCBuildConfiguration;
			buildSettings = {
				ASSETCATALOG_COMPILER_GLOBAL_ACCENT_COLOR_NAME = AccentColor;
				ASSETCATALOG_COMPILER_WIDGET_BACKGROUND_COLOR_NAME = WidgetBackground;
				CODE_SIGN_ENTITLEMENTS = VeryTestWidget/VeryTestWidgetExtension.entitlements;
				CODE_SIGN_STYLE = Automatic;
				CURRENT_PROJECT_VERSION = 1;
				DEVELOPMENT_TEAM = N5Q5NU635P;
				GENERATE_INFOPLIST_FILE = YES;
				INFOPLIST_FILE = VeryTestWidget/Info.plist;
				INFOPLIST_KEY_CFBundleDisplayName = VeryTestWidget;
				INFOPLIST_KEY_NSHumanReadableCopyright = "";
				IPHONEOS_DEPLOYMENT_TARGET = 14.0;
				LD_RUNPATH_SEARCH_PATHS = (
					"$(inherited)",
					"@executable_path/Frameworks",
					"@executable_path/../../Frameworks",
				);
				MARKETING_VERSION = 1.0;
				PRODUCT_BUNDLE_IDENTIFIER = a.VeryTestProgram.VeryTestWidget;
				PRODUCT_NAME = "$(TARGET_NAME)";
				SKIP_INSTALL = YES;
				SWIFT_EMIT_LOC_STRINGS = YES;
				SWIFT_VERSION = 5.0;
				TARGETED_DEVICE_FAMILY = "1,2";
			};
			name = Release;
		};
		2C54FCCC2A19043C00468D02 /* Debug */ = {
			isa = XCBuildConfiguration;
			buildSettings = {
				ALWAYS_SEARCH_USER_PATHS = NO;
				CLANG_ANALYZER_NONNULL = YES;
				CLANG_ANALYZER_NUMBER_OBJECT_CONVERSION = YES_AGGRESSIVE;
				CLANG_CXX_LANGUAGE_STANDARD = "gnu++20";
				CLANG_ENABLE_MODULES = YES;
				CLANG_ENABLE_OBJC_ARC = YES;
				CLANG_ENABLE_OBJC_WEAK = YES;
				CLANG_WARN_BLOCK_CAPTURE_AUTORELEASING = YES;
				CLANG_WARN_BOOL_CONVERSION = YES;
				CLANG_WARN_COMMA = YES;
				CLANG_WARN_CONSTANT_CONVERSION = YES;
				CLANG_WARN_DEPRECATED_OBJC_IMPLEMENTATIONS = YES;
				CLANG_WARN_DIRECT_OBJC_ISA_USAGE = YES_ERROR;
				CLANG_WARN_DOCUMENTATION_COMMENTS = YES;
				CLANG_WARN_EMPTY_BODY = YES;
				CLANG_WARN_ENUM_CONVERSION = YES;
				CLANG_WARN_INFINITE_RECURSION = YES;
				CLANG_WARN_INT_CONVERSION = YES;
				CLANG_WARN_NON_LITERAL_NULL_CONVERSION = YES;
				CLANG_WARN_OBJC_IMPLICIT_RETAIN_SELF = YES;
				CLANG_WARN_OBJC_LITERAL_CONVERSION = YES;
				CLANG_WARN_OBJC_ROOT_CLASS = YES_ERROR;
				CLANG_WARN_QUOTED_INCLUDE_IN_FRAMEWORK_HEADER = YES;
				CLANG_WARN_RANGE_LOOP_ANALYSIS = YES;
				CLANG_WARN_STRICT_PROTOTYPES = YES;
				CLANG_WARN_SUSPICIOUS_MOVE = YES;
				CLANG_WARN_UNGUARDED_AVAILABILITY = YES_AGGRESSIVE;
				CLANG_WARN_UNREACHABLE_CODE = YES;
				CLANG_WARN__DUPLICATE_METHOD_MATCH = YES;
				COPY_PHASE_STRIP = NO;
				DEBUG_INFORMATION_FORMAT = dwarf;
				ENABLE_STRICT_OBJC_MSGSEND = YES;
				ENABLE_TESTABILITY = YES;
				GCC_C_LANGUAGE_STANDARD = gnu11;
				GCC_DYNAMIC_NO_PIC = NO;
				GCC_NO_COMMON_BLOCKS = YES;
				GCC_OPTIMIZATION_LEVEL = 0;
				GCC_PREPROCESSOR_DEFINITIONS = (
					"DEBUG=1",
					"$(inherited)",
				);
				GCC_WARN_64_TO_32_BIT_CONVERSION = YES;
				GCC_WARN_ABOUT_RETURN_TYPE = YES_ERROR;
				GCC_WARN_UNDECLARED_SELECTOR = YES;
				GCC_WARN_UNINITIALIZED_AUTOS = YES_AGGRESSIVE;
				GCC_WARN_UNUSED_FUNCTION = YES;
				GCC_WARN_UNUSED_VARIABLE = YES;
				IPHONEOS_DEPLOYMENT_TARGET = 14.0;
				MTL_ENABLE_DEBUG_INFO = INCLUDE_SOURCE;
				MTL_FAST_MATH = YES;
				ONLY_ACTIVE_ARCH = YES;
				SDKROOT = iphoneos;
				SWIFT_ACTIVE_COMPILATION_CONDITIONS = DEBUG;
				SWIFT_OPTIMIZATION_LEVEL = "-Onone";
			};
			name = Debug;
		};
		2C54FCCD2A19043C00468D02 /* Release */ = {
			isa = XCBuildConfiguration;
			buildSettings = {
				ALWAYS_SEARCH_USER_PATHS = NO;
				CLANG_ANALYZER_NONNULL = YES;
				CLANG_ANALYZER_NUMBER_OBJECT_CONVERSION = YES_AGGRESSIVE;
				CLANG_CXX_LANGUAGE_STANDARD = "gnu++20";
				CLANG_ENABLE_MODULES = YES;
				CLANG_ENABLE_OBJC_ARC = YES;
				CLANG_ENABLE_OBJC_WEAK = YES;
				CLANG_WARN_BLOCK_CAPTURE_AUTORELEASING = YES;
				CLANG_WARN_BOOL_CONVERSION = YES;
				CLANG_WARN_COMMA = YES;
				CLANG_WARN_CONSTANT_CONVERSION = YES;
				CLANG_WARN_DEPRECATED_OBJC_IMPLEMENTATIONS = YES;
				CLANG_WARN_DIRECT_OBJC_ISA_USAGE = YES_ERROR;
				CLANG_WARN_DOCUMENTATION_COMMENTS = YES;
				CLANG_WARN_EMPTY_BODY = YES;
				CLANG_WARN_ENUM_CONVERSION = YES;
				CLANG_WARN_INFINITE_RECURSION = YES;
				CLANG_WARN_INT_CONVERSION = YES;
				CLANG_WARN_NON_LITERAL_NULL_CONVERSION = YES;
				CLANG_WARN_OBJC_IMPLICIT_RETAIN_SELF = YES;
				CLANG_WARN_OBJC_LITERAL_CONVERSION = YES;
				CLANG_WARN_OBJC_ROOT_CLASS = YES_ERROR;
				CLANG_WARN_QUOTED_INCLUDE_IN_FRAMEWORK_HEADER = YES;
				CLANG_WARN_RANGE_LOOP_ANALYSIS = YES;
				CLANG_WARN_STRICT_PROTOTYPES = YES;
				CLANG_WARN_SUSPICIOUS_MOVE = YES;
				CLANG_WARN_UNGUARDED_AVAILABILITY = YES_AGGRESSIVE;
				CLANG_WARN_UNREACHABLE_CODE = YES;
				CLANG_WARN__DUPLICATE_METHOD_MATCH = YES;
				COPY_PHASE_STRIP = NO;
				DEBUG_INFORMATION_FORMAT = "dwarf-with-dsym";
				ENABLE_NS_ASSERTIONS = NO;
				ENABLE_STRICT_OBJC_MSGSEND = YES;
				GCC_C_LANGUAGE_STANDARD = gnu11;
				GCC_NO_COMMON_BLOCKS = YES;
				GCC_WARN_64_TO_32_BIT_CONVERSION = YES;
				GCC_WARN_ABOUT_RETURN_TYPE = YES_ERROR;
				GCC_WARN_UNDECLARED_SELECTOR = YES;
				GCC_WARN_UNINITIALIZED_AUTOS = YES_AGGRESSIVE;
				GCC_WARN_UNUSED_FUNCTION = YES;
				GCC_WARN_UNUSED_VARIABLE = YES;
				IPHONEOS_DEPLOYMENT_TARGET = 14.0;
				MTL_ENABLE_DEBUG_INFO = NO;
				MTL_FAST_MATH = YES;
				SDKROOT = iphoneos;
				SWIFT_COMPILATION_MODE = wholemodule;
				SWIFT_OPTIMIZATION_LEVEL = "-O";
				VALIDATE_PRODUCT = YES;
			};
			name = Release;
		};
		2C54FCCF2A19043C00468D02 /* Debug */ = {
			isa = XCBuildConfiguration;
			buildSettings = {
				ALWAYS_EMBED_SWIFT_STANDARD_LIBRARIES = YES;
				ASSETCATALOG_COMPILER_APPICON_NAME = AppIcon;
				ASSETCATALOG_COMPILER_GLOBAL_ACCENT_COLOR_NAME = AccentColor;
				CODE_SIGN_ENTITLEMENTS = VeryTestProgram/Common/VeryTestProgram.entitlements;
				CODE_SIGN_STYLE = Automatic;
				CURRENT_PROJECT_VERSION = 1;
				DEVELOPMENT_ASSET_PATHS = "\"VeryTestProgram/Preview Content\"";
				DEVELOPMENT_TEAM = N5Q5NU635P;
				ENABLE_PREVIEWS = YES;
				GENERATE_INFOPLIST_FILE = YES;
				INFOPLIST_FILE = VeryTestProgram/Common/Info.plist;
				INFOPLIST_KEY_LSApplicationCategoryType = "\"\"";
				INFOPLIST_KEY_NSCameraUsageDescription = "Тут надо что-то написать, А то будет SIGABRT";
				INFOPLIST_KEY_UIApplicationSceneManifest_Generation = YES;
				INFOPLIST_KEY_UIApplicationSupportsIndirectInputEvents = YES;
				INFOPLIST_KEY_UILaunchScreen_Generation = YES;
				INFOPLIST_KEY_UISupportedInterfaceOrientations_iPad = "UIInterfaceOrientationPortrait UIInterfaceOrientationPortraitUpsideDown UIInterfaceOrientationLandscapeLeft UIInterfaceOrientationLandscapeRight";
				INFOPLIST_KEY_UISupportedInterfaceOrientations_iPhone = "UIInterfaceOrientationPortrait UIInterfaceOrientationLandscapeLeft UIInterfaceOrientationLandscapeRight";
				LD_RUNPATH_SEARCH_PATHS = (
					"$(inherited)",
					"@executable_path/Frameworks",
				);
				MARKETING_VERSION = 1.0;
				PRODUCT_BUNDLE_IDENTIFIER = a.VeryTestProgram;
				PRODUCT_NAME = "$(TARGET_NAME)";
				SWIFT_EMIT_LOC_STRINGS = YES;
				SWIFT_VERSION = 5.0;
				TARGETED_DEVICE_FAMILY = "1,2";
			};
			name = Debug;
		};
		2C54FCD02A19043C00468D02 /* Release */ = {
			isa = XCBuildConfiguration;
			buildSettings = {
				ALWAYS_EMBED_SWIFT_STANDARD_LIBRARIES = YES;
				ASSETCATALOG_COMPILER_APPICON_NAME = AppIcon;
				ASSETCATALOG_COMPILER_GLOBAL_ACCENT_COLOR_NAME = AccentColor;
				CODE_SIGN_ENTITLEMENTS = VeryTestProgram/Common/VeryTestProgram.entitlements;
				CODE_SIGN_STYLE = Automatic;
				CURRENT_PROJECT_VERSION = 1;
				DEVELOPMENT_ASSET_PATHS = "\"VeryTestProgram/Preview Content\"";
				DEVELOPMENT_TEAM = N5Q5NU635P;
				ENABLE_PREVIEWS = YES;
				GENERATE_INFOPLIST_FILE = YES;
				INFOPLIST_FILE = VeryTestProgram/Common/Info.plist;
				INFOPLIST_KEY_LSApplicationCategoryType = "\"\"";
				INFOPLIST_KEY_NSCameraUsageDescription = "Тут надо что-то написать, А то будет SIGABRT";
				INFOPLIST_KEY_UIApplicationSceneManifest_Generation = YES;
				INFOPLIST_KEY_UIApplicationSupportsIndirectInputEvents = YES;
				INFOPLIST_KEY_UILaunchScreen_Generation = YES;
				INFOPLIST_KEY_UISupportedInterfaceOrientations_iPad = "UIInterfaceOrientationPortrait UIInterfaceOrientationPortraitUpsideDown UIInterfaceOrientationLandscapeLeft UIInterfaceOrientationLandscapeRight";
				INFOPLIST_KEY_UISupportedInterfaceOrientations_iPhone = "UIInterfaceOrientationPortrait UIInterfaceOrientationLandscapeLeft UIInterfaceOrientationLandscapeRight";
				LD_RUNPATH_SEARCH_PATHS = (
					"$(inherited)",
					"@executable_path/Frameworks",
				);
				MARKETING_VERSION = 1.0;
				PRODUCT_BUNDLE_IDENTIFIER = a.VeryTestProgram;
				PRODUCT_NAME = "$(TARGET_NAME)";
				SWIFT_EMIT_LOC_STRINGS = YES;
				SWIFT_VERSION = 5.0;
				TARGETED_DEVICE_FAMILY = "1,2";
			};
			name = Release;
		};
		2C7254782A25B54300FC3DB3 /* Debug */ = {
			isa = XCBuildConfiguration;
			buildSettings = {
				BUNDLE_LOADER = "$(TEST_HOST)";
				CODE_SIGN_STYLE = Automatic;
				CURRENT_PROJECT_VERSION = 1;
				DEVELOPMENT_TEAM = N5Q5NU635P;
				GENERATE_INFOPLIST_FILE = YES;
				IPHONEOS_DEPLOYMENT_TARGET = 16.4;
				MARKETING_VERSION = 1.0;
				PRODUCT_BUNDLE_IDENTIFIER = a.VeryTestProgramTests;
				PRODUCT_NAME = "$(TARGET_NAME)";
				SWIFT_EMIT_LOC_STRINGS = NO;
				SWIFT_VERSION = 5.0;
				TARGETED_DEVICE_FAMILY = "1,2";
				TEST_HOST = "$(BUILT_PRODUCTS_DIR)/VeryTestProgram.app/$(BUNDLE_EXECUTABLE_FOLDER_PATH)/VeryTestProgram";
			};
			name = Debug;
		};
		2C7254792A25B54300FC3DB3 /* Release */ = {
			isa = XCBuildConfiguration;
			buildSettings = {
				BUNDLE_LOADER = "$(TEST_HOST)";
				CODE_SIGN_STYLE = Automatic;
				CURRENT_PROJECT_VERSION = 1;
				DEVELOPMENT_TEAM = N5Q5NU635P;
				GENERATE_INFOPLIST_FILE = YES;
				IPHONEOS_DEPLOYMENT_TARGET = 16.4;
				MARKETING_VERSION = 1.0;
				PRODUCT_BUNDLE_IDENTIFIER = a.VeryTestProgramTests;
				PRODUCT_NAME = "$(TARGET_NAME)";
				SWIFT_EMIT_LOC_STRINGS = NO;
				SWIFT_VERSION = 5.0;
				TARGETED_DEVICE_FAMILY = "1,2";
				TEST_HOST = "$(BUILT_PRODUCTS_DIR)/VeryTestProgram.app/$(BUNDLE_EXECUTABLE_FOLDER_PATH)/VeryTestProgram";
			};
			name = Release;
		};
/* End XCBuildConfiguration section */

/* Begin XCConfigurationList section */
		2C23EBFB2A1CD1650026F9DE /* Build configuration list for PBXNativeTarget "VeryTestWidgetExtension" */ = {
			isa = XCConfigurationList;
			buildConfigurations = (
				2C23EBF92A1CD1650026F9DE /* Debug */,
				2C23EBFA2A1CD1650026F9DE /* Release */,
			);
			defaultConfigurationIsVisible = 0;
			defaultConfigurationName = Release;
		};
		2C54FCBB2A19043700468D02 /* Build configuration list for PBXProject "VeryTestProgram" */ = {
			isa = XCConfigurationList;
			buildConfigurations = (
				2C54FCCC2A19043C00468D02 /* Debug */,
				2C54FCCD2A19043C00468D02 /* Release */,
			);
			defaultConfigurationIsVisible = 0;
			defaultConfigurationName = Release;
		};
		2C54FCCE2A19043C00468D02 /* Build configuration list for PBXNativeTarget "VeryTestProgram" */ = {
			isa = XCConfigurationList;
			buildConfigurations = (
				2C54FCCF2A19043C00468D02 /* Debug */,
				2C54FCD02A19043C00468D02 /* Release */,
			);
			defaultConfigurationIsVisible = 0;
			defaultConfigurationName = Release;
		};
		2C72547A2A25B54300FC3DB3 /* Build configuration list for PBXNativeTarget "VeryTestProgramTests" */ = {
			isa = XCConfigurationList;
			buildConfigurations = (
				2C7254782A25B54300FC3DB3 /* Debug */,
				2C7254792A25B54300FC3DB3 /* Release */,
			);
			defaultConfigurationIsVisible = 0;
			defaultConfigurationName = Release;
		};
/* End XCConfigurationList section */

/* Begin XCRemoteSwiftPackageReference section */
		2CC88B792A1F9AC4006AF585 /* XCRemoteSwiftPackageReference "Alamofire" */ = {
			isa = XCRemoteSwiftPackageReference;
			repositoryURL = "https://github.com/Alamofire/Alamofire";
			requirement = {
				kind = upToNextMajorVersion;
				minimumVersion = 5.0.0;
			};
		};
/* End XCRemoteSwiftPackageReference section */

/* Begin XCSwiftPackageProductDependency section */
		2C9742522A1F9BAE00308101 /* Alamofire */ = {
			isa = XCSwiftPackageProductDependency;
			package = 2CC88B792A1F9AC4006AF585 /* XCRemoteSwiftPackageReference "Alamofire" */;
			productName = Alamofire;
		};
		2CBE62F62A25E1D900D82216 /* Charts */ = {
			isa = XCSwiftPackageProductDependency;
			productName = Charts;
		};
		2CC88B7A2A1F9AC4006AF585 /* Alamofire */ = {
			isa = XCSwiftPackageProductDependency;
			package = 2CC88B792A1F9AC4006AF585 /* XCRemoteSwiftPackageReference "Alamofire" */;
			productName = Alamofire;
		};
/* End XCSwiftPackageProductDependency section */
	};
	rootObject = 2C54FCB82A19043700468D02 /* Project object */;
}
