// !$*UTF8*$!
{
	archiveVersion = 1;
	classes = {
	};
	objectVersion = 56;
	objects = {

/* Begin PBXBuildFile section */
		2C54FCC42A19043700468D02 /* VeryTestProgramApp.swift in Sources */ = {isa = PBXBuildFile; fileRef = 2C54FCC32A19043700468D02 /* VeryTestProgramApp.swift */; };
		2C54FCC62A19043700468D02 /* ParentView.swift in Sources */ = {isa = PBXBuildFile; fileRef = 2C54FCC52A19043700468D02 /* ParentView.swift */; };
		2C54FCC82A19043C00468D02 /* Assets.xcassets in Resources */ = {isa = PBXBuildFile; fileRef = 2C54FCC72A19043C00468D02 /* Assets.xcassets */; };
		2C54FCCB2A19043C00468D02 /* Preview Assets.xcassets in Resources */ = {isa = PBXBuildFile; fileRef = 2C54FCCA2A19043C00468D02 /* Preview Assets.xcassets */; };
		2C54FCD42A19093600468D02 /* NavVM.swift in Sources */ = {isa = PBXBuildFile; fileRef = 2C54FCD32A19093600468D02 /* NavVM.swift */; };
		2C54FCD62A19094B00468D02 /* TouchFaceIDVM.swift in Sources */ = {isa = PBXBuildFile; fileRef = 2C54FCD52A19094B00468D02 /* TouchFaceIDVM.swift */; };
		2C54FCD82A19095D00468D02 /* TouchFaceIDView.swift in Sources */ = {isa = PBXBuildFile; fileRef = 2C54FCD72A19095D00468D02 /* TouchFaceIDView.swift */; };
		2C54FCDB2A19FE4100468D02 /* TestCustomFontsView.swift in Sources */ = {isa = PBXBuildFile; fileRef = 2C54FCDA2A19FE4100468D02 /* TestCustomFontsView.swift */; };
		2CFD74962A1A0F2300325C9B /* Pangolin-Regular.ttf in Resources */ = {isa = PBXBuildFile; fileRef = 2CFD74952A1A0F2300325C9B /* Pangolin-Regular.ttf */; };
/* End PBXBuildFile section */

/* Begin PBXFileReference section */
		2C54FCC02A19043700468D02 /* VeryTestProgram.app */ = {isa = PBXFileReference; explicitFileType = wrapper.application; includeInIndex = 0; path = VeryTestProgram.app; sourceTree = BUILT_PRODUCTS_DIR; };
		2C54FCC32A19043700468D02 /* VeryTestProgramApp.swift */ = {isa = PBXFileReference; lastKnownFileType = sourcecode.swift; path = VeryTestProgramApp.swift; sourceTree = "<group>"; };
		2C54FCC52A19043700468D02 /* ParentView.swift */ = {isa = PBXFileReference; lastKnownFileType = sourcecode.swift; path = ParentView.swift; sourceTree = "<group>"; };
		2C54FCC72A19043C00468D02 /* Assets.xcassets */ = {isa = PBXFileReference; lastKnownFileType = folder.assetcatalog; path = Assets.xcassets; sourceTree = "<group>"; };
		2C54FCCA2A19043C00468D02 /* Preview Assets.xcassets */ = {isa = PBXFileReference; lastKnownFileType = folder.assetcatalog; path = "Preview Assets.xcassets"; sourceTree = "<group>"; };
		2C54FCD32A19093600468D02 /* NavVM.swift */ = {isa = PBXFileReference; lastKnownFileType = sourcecode.swift; path = NavVM.swift; sourceTree = "<group>"; };
		2C54FCD52A19094B00468D02 /* TouchFaceIDVM.swift */ = {isa = PBXFileReference; lastKnownFileType = sourcecode.swift; path = TouchFaceIDVM.swift; sourceTree = "<group>"; };
		2C54FCD72A19095D00468D02 /* TouchFaceIDView.swift */ = {isa = PBXFileReference; lastKnownFileType = sourcecode.swift; path = TouchFaceIDView.swift; sourceTree = "<group>"; };
		2C54FCDA2A19FE4100468D02 /* TestCustomFontsView.swift */ = {isa = PBXFileReference; lastKnownFileType = sourcecode.swift; path = TestCustomFontsView.swift; sourceTree = "<group>"; };
		2C54FCE52A1A017E00468D02 /* Info.plist */ = {isa = PBXFileReference; lastKnownFileType = text.plist; path = Info.plist; sourceTree = "<group>"; };
		2CFD74952A1A0F2300325C9B /* Pangolin-Regular.ttf */ = {isa = PBXFileReference; lastKnownFileType = file; path = "Pangolin-Regular.ttf"; sourceTree = "<group>"; };
/* End PBXFileReference section */

/* Begin PBXFrameworksBuildPhase section */
		2C54FCBD2A19043700468D02 /* Frameworks */ = {
			isa = PBXFrameworksBuildPhase;
			buildActionMask = 2147483647;
			files = (
			);
			runOnlyForDeploymentPostprocessing = 0;
		};
/* End PBXFrameworksBuildPhase section */

/* Begin PBXGroup section */
		2C54FCB72A19043700468D02 = {
			isa = PBXGroup;
			children = (
				2C54FCC22A19043700468D02 /* VeryTestProgram */,
				2C54FCC12A19043700468D02 /* Products */,
			);
			sourceTree = "<group>";
		};
		2C54FCC12A19043700468D02 /* Products */ = {
			isa = PBXGroup;
			children = (
				2C54FCC02A19043700468D02 /* VeryTestProgram.app */,
			);
			name = Products;
			sourceTree = "<group>";
		};
		2C54FCC22A19043700468D02 /* VeryTestProgram */ = {
			isa = PBXGroup;
			children = (
				2C54FCE52A1A017E00468D02 /* Info.plist */,
				2C54FCD92A19FDA500468D02 /* TestCustomFonts */,
				2C54FCD22A1908ED00468D02 /* TouchFaceID */,
				2C54FCD12A19044D00468D02 /* Common */,
				2C54FCC72A19043C00468D02 /* Assets.xcassets */,
				2C54FCC92A19043C00468D02 /* Preview Content */,
			);
			path = VeryTestProgram;
			sourceTree = "<group>";
		};
		2C54FCC92A19043C00468D02 /* Preview Content */ = {
			isa = PBXGroup;
			children = (
				2C54FCCA2A19043C00468D02 /* Preview Assets.xcassets */,
			);
			path = "Preview Content";
			sourceTree = "<group>";
		};
		2C54FCD12A19044D00468D02 /* Common */ = {
			isa = PBXGroup;
			children = (
				2C54FCDC2A19FE5400468D02 /* Fonts */,
				2C54FCC32A19043700468D02 /* VeryTestProgramApp.swift */,
				2C54FCC52A19043700468D02 /* ParentView.swift */,
				2C54FCD32A19093600468D02 /* NavVM.swift */,
			);
			path = Common;
			sourceTree = "<group>";
		};
		2C54FCD22A1908ED00468D02 /* TouchFaceID */ = {
			isa = PBXGroup;
			children = (
				2C54FCD52A19094B00468D02 /* TouchFaceIDVM.swift */,
				2C54FCD72A19095D00468D02 /* TouchFaceIDView.swift */,
			);
			path = TouchFaceID;
			sourceTree = "<group>";
		};
		2C54FCD92A19FDA500468D02 /* TestCustomFonts */ = {
			isa = PBXGroup;
			children = (
				2C54FCDA2A19FE4100468D02 /* TestCustomFontsView.swift */,
			);
			path = TestCustomFonts;
			sourceTree = "<group>";
		};
		2C54FCDC2A19FE5400468D02 /* Fonts */ = {
			isa = PBXGroup;
			children = (
				2CFD74952A1A0F2300325C9B /* Pangolin-Regular.ttf */,
			);
			path = Fonts;
			sourceTree = "<group>";
		};
/* End PBXGroup section */

/* Begin PBXNativeTarget section */
		2C54FCBF2A19043700468D02 /* VeryTestProgram */ = {
			isa = PBXNativeTarget;
			buildConfigurationList = 2C54FCCE2A19043C00468D02 /* Build configuration list for PBXNativeTarget "VeryTestProgram" */;
			buildPhases = (
				2C54FCBC2A19043700468D02 /* Sources */,
				2C54FCBD2A19043700468D02 /* Frameworks */,
				2C54FCBE2A19043700468D02 /* Resources */,
			);
			buildRules = (
			);
			dependencies = (
			);
			name = VeryTestProgram;
			productName = VeryTestProgram;
			productReference = 2C54FCC02A19043700468D02 /* VeryTestProgram.app */;
			productType = "com.apple.product-type.application";
		};
/* End PBXNativeTarget section */

/* Begin PBXProject section */
		2C54FCB82A19043700468D02 /* Project object */ = {
			isa = PBXProject;
			attributes = {
				BuildIndependentTargetsInParallel = 1;
				LastSwiftUpdateCheck = 1430;
				LastUpgradeCheck = 1430;
				TargetAttributes = {
					2C54FCBF2A19043700468D02 = {
						CreatedOnToolsVersion = 14.3;
					};
				};
			};
			buildConfigurationList = 2C54FCBB2A19043700468D02 /* Build configuration list for PBXProject "VeryTestProgram" */;
			compatibilityVersion = "Xcode 14.0";
			developmentRegion = en;
			hasScannedForEncodings = 0;
			knownRegions = (
				en,
				Base,
			);
			mainGroup = 2C54FCB72A19043700468D02;
			productRefGroup = 2C54FCC12A19043700468D02 /* Products */;
			projectDirPath = "";
			projectRoot = "";
			targets = (
				2C54FCBF2A19043700468D02 /* VeryTestProgram */,
			);
		};
/* End PBXProject section */

/* Begin PBXResourcesBuildPhase section */
		2C54FCBE2A19043700468D02 /* Resources */ = {
			isa = PBXResourcesBuildPhase;
			buildActionMask = 2147483647;
			files = (
				2CFD74962A1A0F2300325C9B /* Pangolin-Regular.ttf in Resources */,
				2C54FCCB2A19043C00468D02 /* Preview Assets.xcassets in Resources */,
				2C54FCC82A19043C00468D02 /* Assets.xcassets in Resources */,
			);
			runOnlyForDeploymentPostprocessing = 0;
		};
/* End PBXResourcesBuildPhase section */

/* Begin PBXSourcesBuildPhase section */
		2C54FCBC2A19043700468D02 /* Sources */ = {
			isa = PBXSourcesBuildPhase;
			buildActionMask = 2147483647;
			files = (
				2C54FCD62A19094B00468D02 /* TouchFaceIDVM.swift in Sources */,
				2C54FCD42A19093600468D02 /* NavVM.swift in Sources */,
				2C54FCD82A19095D00468D02 /* TouchFaceIDView.swift in Sources */,
				2C54FCC62A19043700468D02 /* ParentView.swift in Sources */,
				2C54FCDB2A19FE4100468D02 /* TestCustomFontsView.swift in Sources */,
				2C54FCC42A19043700468D02 /* VeryTestProgramApp.swift in Sources */,
			);
			runOnlyForDeploymentPostprocessing = 0;
		};
/* End PBXSourcesBuildPhase section */

/* Begin XCBuildConfiguration section */
		2C54FCCC2A19043C00468D02 /* Debug */ = {
			isa = XCBuildConfiguration;
			buildSettings = {
				ALWAYS_SEARCH_USER_PATHS = NO;
				CLANG_ANALYZER_NONNULL = YES;
				CLANG_ANALYZER_NUMBER_OBJECT_CONVERSION = YES_AGGRESSIVE;
				CLANG_CXX_LANGUAGE_STANDARD = "gnu++20";
				CLANG_ENABLE_MODULES = YES;
				CLANG_ENABLE_OBJC_ARC = YES;
				CLANG_ENABLE_OBJC_WEAK = YES;
				CLANG_WARN_BLOCK_CAPTURE_AUTORELEASING = YES;
				CLANG_WARN_BOOL_CONVERSION = YES;
				CLANG_WARN_COMMA = YES;
				CLANG_WARN_CONSTANT_CONVERSION = YES;
				CLANG_WARN_DEPRECATED_OBJC_IMPLEMENTATIONS = YES;
				CLANG_WARN_DIRECT_OBJC_ISA_USAGE = YES_ERROR;
				CLANG_WARN_DOCUMENTATION_COMMENTS = YES;
				CLANG_WARN_EMPTY_BODY = YES;
				CLANG_WARN_ENUM_CONVERSION = YES;
				CLANG_WARN_INFINITE_RECURSION = YES;
				CLANG_WARN_INT_CONVERSION = YES;
				CLANG_WARN_NON_LITERAL_NULL_CONVERSION = YES;
				CLANG_WARN_OBJC_IMPLICIT_RETAIN_SELF = YES;
				CLANG_WARN_OBJC_LITERAL_CONVERSION = YES;
				CLANG_WARN_OBJC_ROOT_CLASS = YES_ERROR;
				CLANG_WARN_QUOTED_INCLUDE_IN_FRAMEWORK_HEADER = YES;
				CLANG_WARN_RANGE_LOOP_ANALYSIS = YES;
				CLANG_WARN_STRICT_PROTOTYPES = YES;
				CLANG_WARN_SUSPICIOUS_MOVE = YES;
				CLANG_WARN_UNGUARDED_AVAILABILITY = YES_AGGRESSIVE;
				CLANG_WARN_UNREACHABLE_CODE = YES;
				CLANG_WARN__DUPLICATE_METHOD_MATCH = YES;
				COPY_PHASE_STRIP = NO;
				DEBUG_INFORMATION_FORMAT = dwarf;
				ENABLE_STRICT_OBJC_MSGSEND = YES;
				ENABLE_TESTABILITY = YES;
				GCC_C_LANGUAGE_STANDARD = gnu11;
				GCC_DYNAMIC_NO_PIC = NO;
				GCC_NO_COMMON_BLOCKS = YES;
				GCC_OPTIMIZATION_LEVEL = 0;
				GCC_PREPROCESSOR_DEFINITIONS = (
					"DEBUG=1",
					"$(inherited)",
				);
				GCC_WARN_64_TO_32_BIT_CONVERSION = YES;
				GCC_WARN_ABOUT_RETURN_TYPE = YES_ERROR;
				GCC_WARN_UNDECLARED_SELECTOR = YES;
				GCC_WARN_UNINITIALIZED_AUTOS = YES_AGGRESSIVE;
				GCC_WARN_UNUSED_FUNCTION = YES;
				GCC_WARN_UNUSED_VARIABLE = YES;
				IPHONEOS_DEPLOYMENT_TARGET = 14.0;
				MTL_ENABLE_DEBUG_INFO = INCLUDE_SOURCE;
				MTL_FAST_MATH = YES;
				ONLY_ACTIVE_ARCH = YES;
				SDKROOT = iphoneos;
				SWIFT_ACTIVE_COMPILATION_CONDITIONS = DEBUG;
				SWIFT_OPTIMIZATION_LEVEL = "-Onone";
			};
			name = Debug;
		};
		2C54FCCD2A19043C00468D02 /* Release */ = {
			isa = XCBuildConfiguration;
			buildSettings = {
				ALWAYS_SEARCH_USER_PATHS = NO;
				CLANG_ANALYZER_NONNULL = YES;
				CLANG_ANALYZER_NUMBER_OBJECT_CONVERSION = YES_AGGRESSIVE;
				CLANG_CXX_LANGUAGE_STANDARD = "gnu++20";
				CLANG_ENABLE_MODULES = YES;
				CLANG_ENABLE_OBJC_ARC = YES;
				CLANG_ENABLE_OBJC_WEAK = YES;
				CLANG_WARN_BLOCK_CAPTURE_AUTORELEASING = YES;
				CLANG_WARN_BOOL_CONVERSION = YES;
				CLANG_WARN_COMMA = YES;
				CLANG_WARN_CONSTANT_CONVERSION = YES;
				CLANG_WARN_DEPRECATED_OBJC_IMPLEMENTATIONS = YES;
				CLANG_WARN_DIRECT_OBJC_ISA_USAGE = YES_ERROR;
				CLANG_WARN_DOCUMENTATION_COMMENTS = YES;
				CLANG_WARN_EMPTY_BODY = YES;
				CLANG_WARN_ENUM_CONVERSION = YES;
				CLANG_WARN_INFINITE_RECURSION = YES;
				CLANG_WARN_INT_CONVERSION = YES;
				CLANG_WARN_NON_LITERAL_NULL_CONVERSION = YES;
				CLANG_WARN_OBJC_IMPLICIT_RETAIN_SELF = YES;
				CLANG_WARN_OBJC_LITERAL_CONVERSION = YES;
				CLANG_WARN_OBJC_ROOT_CLASS = YES_ERROR;
				CLANG_WARN_QUOTED_INCLUDE_IN_FRAMEWORK_HEADER = YES;
				CLANG_WARN_RANGE_LOOP_ANALYSIS = YES;
				CLANG_WARN_STRICT_PROTOTYPES = YES;
				CLANG_WARN_SUSPICIOUS_MOVE = YES;
				CLANG_WARN_UNGUARDED_AVAILABILITY = YES_AGGRESSIVE;
				CLANG_WARN_UNREACHABLE_CODE = YES;
				CLANG_WARN__DUPLICATE_METHOD_MATCH = YES;
				COPY_PHASE_STRIP = NO;
				DEBUG_INFORMATION_FORMAT = "dwarf-with-dsym";
				ENABLE_NS_ASSERTIONS = NO;
				ENABLE_STRICT_OBJC_MSGSEND = YES;
				GCC_C_LANGUAGE_STANDARD = gnu11;
				GCC_NO_COMMON_BLOCKS = YES;
				GCC_WARN_64_TO_32_BIT_CONVERSION = YES;
				GCC_WARN_ABOUT_RETURN_TYPE = YES_ERROR;
				GCC_WARN_UNDECLARED_SELECTOR = YES;
				GCC_WARN_UNINITIALIZED_AUTOS = YES_AGGRESSIVE;
				GCC_WARN_UNUSED_FUNCTION = YES;
				GCC_WARN_UNUSED_VARIABLE = YES;
				IPHONEOS_DEPLOYMENT_TARGET = 14.0;
				MTL_ENABLE_DEBUG_INFO = NO;
				MTL_FAST_MATH = YES;
				SDKROOT = iphoneos;
				SWIFT_COMPILATION_MODE = wholemodule;
				SWIFT_OPTIMIZATION_LEVEL = "-O";
				VALIDATE_PRODUCT = YES;
			};
			name = Release;
		};
		2C54FCCF2A19043C00468D02 /* Debug */ = {
			isa = XCBuildConfiguration;
			buildSettings = {
				ASSETCATALOG_COMPILER_APPICON_NAME = AppIcon;
				ASSETCATALOG_COMPILER_GLOBAL_ACCENT_COLOR_NAME = AccentColor;
				CODE_SIGN_STYLE = Automatic;
				CURRENT_PROJECT_VERSION = 1;
				DEVELOPMENT_ASSET_PATHS = "\"VeryTestProgram/Preview Content\"";
				DEVELOPMENT_TEAM = N5Q5NU635P;
				ENABLE_PREVIEWS = YES;
				GENERATE_INFOPLIST_FILE = YES;
				INFOPLIST_FILE = VeryTestProgram/Info.plist;
				INFOPLIST_KEY_UIApplicationSceneManifest_Generation = YES;
				INFOPLIST_KEY_UIApplicationSupportsIndirectInputEvents = YES;
				INFOPLIST_KEY_UILaunchScreen_Generation = YES;
				INFOPLIST_KEY_UISupportedInterfaceOrientations_iPad = "UIInterfaceOrientationPortrait UIInterfaceOrientationPortraitUpsideDown UIInterfaceOrientationLandscapeLeft UIInterfaceOrientationLandscapeRight";
				INFOPLIST_KEY_UISupportedInterfaceOrientations_iPhone = "UIInterfaceOrientationPortrait UIInterfaceOrientationLandscapeLeft UIInterfaceOrientationLandscapeRight";
				LD_RUNPATH_SEARCH_PATHS = (
					"$(inherited)",
					"@executable_path/Frameworks",
				);
				MARKETING_VERSION = 1.0;
				PRODUCT_BUNDLE_IDENTIFIER = a.VeryTestProgram;
				PRODUCT_NAME = "$(TARGET_NAME)";
				SWIFT_EMIT_LOC_STRINGS = YES;
				SWIFT_VERSION = 5.0;
				TARGETED_DEVICE_FAMILY = "1,2";
			};
			name = Debug;
		};
		2C54FCD02A19043C00468D02 /* Release */ = {
			isa = XCBuildConfiguration;
			buildSettings = {
				ASSETCATALOG_COMPILER_APPICON_NAME = AppIcon;
				ASSETCATALOG_COMPILER_GLOBAL_ACCENT_COLOR_NAME = AccentColor;
				CODE_SIGN_STYLE = Automatic;
				CURRENT_PROJECT_VERSION = 1;
				DEVELOPMENT_ASSET_PATHS = "\"VeryTestProgram/Preview Content\"";
				DEVELOPMENT_TEAM = N5Q5NU635P;
				ENABLE_PREVIEWS = YES;
				GENERATE_INFOPLIST_FILE = YES;
				INFOPLIST_FILE = VeryTestProgram/Info.plist;
				INFOPLIST_KEY_UIApplicationSceneManifest_Generation = YES;
				INFOPLIST_KEY_UIApplicationSupportsIndirectInputEvents = YES;
				INFOPLIST_KEY_UILaunchScreen_Generation = YES;
				INFOPLIST_KEY_UISupportedInterfaceOrientations_iPad = "UIInterfaceOrientationPortrait UIInterfaceOrientationPortraitUpsideDown UIInterfaceOrientationLandscapeLeft UIInterfaceOrientationLandscapeRight";
				INFOPLIST_KEY_UISupportedInterfaceOrientations_iPhone = "UIInterfaceOrientationPortrait UIInterfaceOrientationLandscapeLeft UIInterfaceOrientationLandscapeRight";
				LD_RUNPATH_SEARCH_PATHS = (
					"$(inherited)",
					"@executable_path/Frameworks",
				);
				MARKETING_VERSION = 1.0;
				PRODUCT_BUNDLE_IDENTIFIER = a.VeryTestProgram;
				PRODUCT_NAME = "$(TARGET_NAME)";
				SWIFT_EMIT_LOC_STRINGS = YES;
				SWIFT_VERSION = 5.0;
				TARGETED_DEVICE_FAMILY = "1,2";
			};
			name = Release;
		};
/* End XCBuildConfiguration section */

/* Begin XCConfigurationList section */
		2C54FCBB2A19043700468D02 /* Build configuration list for PBXProject "VeryTestProgram" */ = {
			isa = XCConfigurationList;
			buildConfigurations = (
				2C54FCCC2A19043C00468D02 /* Debug */,
				2C54FCCD2A19043C00468D02 /* Release */,
			);
			defaultConfigurationIsVisible = 0;
			defaultConfigurationName = Release;
		};
		2C54FCCE2A19043C00468D02 /* Build configuration list for PBXNativeTarget "VeryTestProgram" */ = {
			isa = XCConfigurationList;
			buildConfigurations = (
				2C54FCCF2A19043C00468D02 /* Debug */,
				2C54FCD02A19043C00468D02 /* Release */,
			);
			defaultConfigurationIsVisible = 0;
			defaultConfigurationName = Release;
		};
/* End XCConfigurationList section */
	};
	rootObject = 2C54FCB82A19043700468D02 /* Project object */;
}
